
Microsoft Visual Studio Solution File, Format Version 12.00
# Visual Studio Version 17
VisualStudioVersion = 17.4.33205.214
MinimumVisualStudioVersion = 10.0.40219.1
Project("{FAE04EC0-301F-11D3-BF4B-00C04F79EFBC}") = "MatchWebApp", "MatchWebApp\MatchWebApp.csproj", "{6F5B49C1-BF84-4CC0-A727-4BC0F04A96EE}"
EndProject
Global
	GlobalSection(SolutionConfigurationPlatforms) = preSolution
		Debug|Any CPU = Debug|Any CPU
		Release|Any CPU = Release|Any CPU
	EndGlobalSection
	GlobalSection(ProjectConfigurationPlatforms) = postSolution
		{6F5B49C1-BF84-4CC0-A727-4BC0F04A96EE}.Debug|Any CPU.ActiveCfg = Debug|Any CPU
		{6F5B49C1-BF84-4CC0-A727-4BC0F04A96EE}.Debug|Any CPU.Build.0 = Debug|Any CPU
		{6F5B49C1-BF84-4CC0-A727-4BC0F04A96EE}.Release|Any CPU.ActiveCfg = Release|Any CPU
		{6F5B49C1-BF84-4CC0-A727-4BC0F04A96EE}.Release|Any CPU.Build.0 = Release|Any CPU
	EndGlobalSection
	GlobalSection(SolutionProperties) = preSolution
		HideSolutionNode = FALSE
	EndGlobalSection
	GlobalSection(ExtensibilityGlobals) = postSolution
		SolutionGuid = {07251191-14BA-4BFC-B048-EC4C2627D014}
	EndGlobalSection
EndGlobal
